
Microsoft Visual Studio Solution File, Format Version 12.00
# Visual Studio Version 16
VisualStudioVersion = 16.0.30804.86
MinimumVisualStudioVersion = 10.0.40219.1
Project("{9A19103F-16F7-4668-BE54-9A1E7A4F7556}") = "PlexSSO", "PlexSSO\PlexSSO.csproj", "{40F79D7F-63EE-4921-B8A6-96E07A994B98}"
EndProject
Global
	GlobalSection(SolutionConfigurationPlatforms) = preSolution
		Debug|Any CPU = Debug|Any CPU
		Release|Any CPU = Release|Any CPU
	EndGlobalSection
	GlobalSection(ProjectConfigurationPlatforms) = postSolution
		{40F79D7F-63EE-4921-B8A6-96E07A994B98}.Debug|Any CPU.ActiveCfg = Debug|Any CPU
		{40F79D7F-63EE-4921-B8A6-96E07A994B98}.Debug|Any CPU.Build.0 = Debug|Any CPU
		{40F79D7F-63EE-4921-B8A6-96E07A994B98}.Release|Any CPU.ActiveCfg = Release|Any CPU
		{40F79D7F-63EE-4921-B8A6-96E07A994B98}.Release|Any CPU.Build.0 = Release|Any CPU
	EndGlobalSection
	GlobalSection(SolutionProperties) = preSolution
		HideSolutionNode = FALSE
	EndGlobalSection
	GlobalSection(ExtensibilityGlobals) = postSolution
		SolutionGuid = {F5175D1D-1A7B-4467-8B4B-B54F92AC87F2}
	EndGlobalSection
EndGlobal
