
Microsoft Visual Studio Solution File, Format Version 12.00
# Visual Studio Version 16
VisualStudioVersion = 16.0.30804.86
MinimumVisualStudioVersion = 10.0.40219.1
Project("{9A19103F-16F7-4668-BE54-9A1E7A4F7556}") = "PlexSSO", "PlexSSO\PlexSSO.csproj", "{40F79D7F-63EE-4921-B8A6-96E07A994B98}"
EndProject
Project("{9A19103F-16F7-4668-BE54-9A1E7A4F7556}") = "PlexSSO.Deluge.Plugin", "Plugins\PlexSSO.Deluge.Plugin\PlexSSO.Deluge.Plugin.csproj", "{6E700413-4FF4-4B9F-9449-415F1C0783E3}"
EndProject
Project("{9A19103F-16F7-4668-BE54-9A1E7A4F7556}") = "PlexSSO.Ombi.Plugin", "Plugins\PlexSSO.Ombi.Plugin\PlexSSO.Ombi.Plugin.csproj", "{1BCCA7DD-8624-42E3-9AFE-C00D67E4E32E}"
EndProject
Project("{9A19103F-16F7-4668-BE54-9A1E7A4F7556}") = "PlexSSO.Tautulli.Plugin", "Plugins\PlexSSO.Tautulli.Plugin\PlexSSO.Tautulli.Plugin.csproj", "{C058B4FB-E471-42DE-ABC8-132A7E456EEB}"
EndProject
Project("{9A19103F-16F7-4668-BE54-9A1E7A4F7556}") = "PlexSSO.Overseerr.Plugin", "Plugins\PlexSSO.Overseerr.Plugin\PlexSSO.Overseerr.Plugin.csproj", "{3AF304AE-ECB0-4DF8-88BF-F0079F88D7F2}"
EndProject
Global
	GlobalSection(SolutionConfigurationPlatforms) = preSolution
		Debug|Any CPU = Debug|Any CPU
		Release|Any CPU = Release|Any CPU
	EndGlobalSection
	GlobalSection(ProjectConfigurationPlatforms) = postSolution
		{40F79D7F-63EE-4921-B8A6-96E07A994B98}.Debug|Any CPU.ActiveCfg = Debug|Any CPU
		{40F79D7F-63EE-4921-B8A6-96E07A994B98}.Debug|Any CPU.Build.0 = Debug|Any CPU
		{40F79D7F-63EE-4921-B8A6-96E07A994B98}.Release|Any CPU.ActiveCfg = Release|Any CPU
		{40F79D7F-63EE-4921-B8A6-96E07A994B98}.Release|Any CPU.Build.0 = Release|Any CPU
		{6E700413-4FF4-4B9F-9449-415F1C0783E3}.Debug|Any CPU.ActiveCfg = Debug|Any CPU
		{6E700413-4FF4-4B9F-9449-415F1C0783E3}.Debug|Any CPU.Build.0 = Debug|Any CPU
		{6E700413-4FF4-4B9F-9449-415F1C0783E3}.Release|Any CPU.ActiveCfg = Release|Any CPU
		{6E700413-4FF4-4B9F-9449-415F1C0783E3}.Release|Any CPU.Build.0 = Release|Any CPU
		{1BCCA7DD-8624-42E3-9AFE-C00D67E4E32E}.Debug|Any CPU.ActiveCfg = Debug|Any CPU
		{1BCCA7DD-8624-42E3-9AFE-C00D67E4E32E}.Debug|Any CPU.Build.0 = Debug|Any CPU
		{1BCCA7DD-8624-42E3-9AFE-C00D67E4E32E}.Release|Any CPU.ActiveCfg = Release|Any CPU
		{1BCCA7DD-8624-42E3-9AFE-C00D67E4E32E}.Release|Any CPU.Build.0 = Release|Any CPU
		{C058B4FB-E471-42DE-ABC8-132A7E456EEB}.Debug|Any CPU.ActiveCfg = Debug|Any CPU
		{C058B4FB-E471-42DE-ABC8-132A7E456EEB}.Debug|Any CPU.Build.0 = Debug|Any CPU
		{C058B4FB-E471-42DE-ABC8-132A7E456EEB}.Release|Any CPU.ActiveCfg = Release|Any CPU
		{C058B4FB-E471-42DE-ABC8-132A7E456EEB}.Release|Any CPU.Build.0 = Release|Any CPU
		{3AF304AE-ECB0-4DF8-88BF-F0079F88D7F2}.Debug|Any CPU.ActiveCfg = Debug|Any CPU
		{3AF304AE-ECB0-4DF8-88BF-F0079F88D7F2}.Debug|Any CPU.Build.0 = Debug|Any CPU
		{3AF304AE-ECB0-4DF8-88BF-F0079F88D7F2}.Release|Any CPU.ActiveCfg = Release|Any CPU
		{3AF304AE-ECB0-4DF8-88BF-F0079F88D7F2}.Release|Any CPU.Build.0 = Release|Any CPU
	EndGlobalSection
	GlobalSection(SolutionProperties) = preSolution
		HideSolutionNode = FALSE
	EndGlobalSection
	GlobalSection(ExtensibilityGlobals) = postSolution
		SolutionGuid = {F5175D1D-1A7B-4467-8B4B-B54F92AC87F2}
	EndGlobalSection
EndGlobal
